PODS:
  - pop (1.0.9)
  - Realm (2.8.1):
    - Realm/Headers (= 2.8.1)
  - Realm/Headers (2.8.1)
  - RealmSwift (2.8.1):
    - Realm (= 2.8.1)
  - SnapKit (3.1.2)
  - SwiftyImage (1.1.0)
  - Swinject (2.0.0)
  - Then (2.1.0)
  - URLNavigator (1.2.0)

DEPENDENCIES:
  - pop (~> 1.0)
  - RealmSwift (~> 2.8)
  - SnapKit (~> 3.1.2)
  - SwiftyImage (~> 1.1)
  - Swinject (~> 2.0)
  - Then (~> 2.1)
  - URLNavigator (~> 1.2)

SPEC CHECKSUMS:
  pop: f667631a5108a2e60d9e8797c9b32ddaf2080bce
  Realm: 2627602ad6818451f0cb8c2a6e072f7f10a5f360
  RealmSwift: 4764ca7657f2193c256fb032c0b123926f70dbcd
  SnapKit: 12b24f569cb7c143acc9c22b9d91b23e7b1c84a2
  SwiftyImage: 4d3feb0211beb7217b39ac553e3ee64ceb72d611
  Swinject: 2e964a80d70ab09b3949c99032711f89147bfd60
  Then: 8496793c8fcac95482b943909b440724c7d8d82c
  URLNavigator: 3ff788c985a0aae654e7de4959c4b0ea8a45f022

PODFILE CHECKSUM: 4ebe20e163aca5023cb1c507f779430c03427890

COCOAPODS: 1.2.1
