PODS:
  - AudioKit (3.6)
  - Realm (2.5.1):
    - Realm/Headers (= 2.5.1)
  - Realm/Headers (2.5.1)
  - RealmSwift (2.5.1):
    - Realm (= 2.5.1)
  - SnapKit (3.1.2)
  - Swinject (2.0.0)
  - Then (2.1.0)
  - URLNavigator (1.2.0)

DEPENDENCIES:
  - AudioKit (~> 3.5)
  - RealmSwift (~> 2.4)
  - SnapKit (~> 3.1.2)
  - Swinject (~> 2.0)
  - Then (~> 2.1)
  - URLNavigator (~> 1.2)

SPEC CHECKSUMS:
  AudioKit: 7823de92f3c9570178d2347042867b6a93be1464
  Realm: 32f86104d37c8521f864d4274050b38ba6190733
  RealmSwift: f719e7511c902b8908593e8f143f59e47931bdb6
  SnapKit: 12b24f569cb7c143acc9c22b9d91b23e7b1c84a2
  Swinject: 2e964a80d70ab09b3949c99032711f89147bfd60
  Then: 8496793c8fcac95482b943909b440724c7d8d82c
  URLNavigator: 3ff788c985a0aae654e7de4959c4b0ea8a45f022

PODFILE CHECKSUM: a49ac84c73fca9f2eadc1c05ad0659ba824427a8

COCOAPODS: 1.2.0
