// !$*UTF8*$!
{
	archiveVersion = 1;
	classes = {
	};
	objectVersion = 46;
	objects = {

/* Begin PBXBuildFile section */
		2E01A8091EE5624500B50F47 /* FileDestinationViewController.swift in Sources */ = {isa = PBXBuildFile; fileRef = 2E01A8081EE5624500B50F47 /* FileDestinationViewController.swift */; };
		2E01A80B1EE64FF100B50F47 /* FileManager+Extension.swift in Sources */ = {isa = PBXBuildFile; fileRef = 2E01A80A1EE64FF100B50F47 /* FileManager+Extension.swift */; };
		2E0E5E381EEFFA88006C9E7B /* iTunesAlbumDetailViewController.swift in Sources */ = {isa = PBXBuildFile; fileRef = 2E0E5E371EEFFA88006C9E7B /* iTunesAlbumDetailViewController.swift */; };
		2E0E5E3B1EF00C48006C9E7B /* iTunesAlbumDetailSongCell.swift in Sources */ = {isa = PBXBuildFile; fileRef = 2E0E5E391EF00C48006C9E7B /* iTunesAlbumDetailSongCell.swift */; };
		2E0E5E3F1EF0109C006C9E7B /* iTunesAlbumDetailHeaderView.swift in Sources */ = {isa = PBXBuildFile; fileRef = 2E0E5E3D1EF0109C006C9E7B /* iTunesAlbumDetailHeaderView.swift */; };
		2E16CBC71F17961B00A80C60 /* FileListEditViewController.swift in Sources */ = {isa = PBXBuildFile; fileRef = 2E16CBC61F17961B00A80C60 /* FileListEditViewController.swift */; };
		2E1A3B7F1E8F932300F785D0 /* UIScreen+Extension.swift in Sources */ = {isa = PBXBuildFile; fileRef = 2E1A3B7E1E8F932300F785D0 /* UIScreen+Extension.swift */; };
		2E1A3EAE1F14EEC3005B3E6E /* FileEditOptionView.swift in Sources */ = {isa = PBXBuildFile; fileRef = 2E1A3EAD1F14EEC3005B3E6E /* FileEditOptionView.swift */; };
		2E1A3EB21F14F2BF005B3E6E /* UIConstants.swift in Sources */ = {isa = PBXBuildFile; fileRef = 2E1A3EB11F14F2BF005B3E6E /* UIConstants.swift */; };
		2E2E33F11E8770C500AF26DE /* DoubleObject.swift in Sources */ = {isa = PBXBuildFile; fileRef = 2E2E33F01E8770C500AF26DE /* DoubleObject.swift */; };
		2E3DC3FA1ECFF04C00FCBD67 /* BookmarkCollectionViewCell.swift in Sources */ = {isa = PBXBuildFile; fileRef = 2E3DC3F21ECFF04C00FCBD67 /* BookmarkCollectionViewCell.swift */; };
		2E3DC3FC1ECFF04C00FCBD67 /* BookmarkListViewController.swift in Sources */ = {isa = PBXBuildFile; fileRef = 2E3DC3F41ECFF04C00FCBD67 /* BookmarkListViewController.swift */; };
		2E3DC3FD1ECFF04C00FCBD67 /* BookmarkListViewController.xib in Resources */ = {isa = PBXBuildFile; fileRef = 2E3DC3F51ECFF04C00FCBD67 /* BookmarkListViewController.xib */; };
		2E3DC3FE1ECFF04C00FCBD67 /* PlayerView.swift in Sources */ = {isa = PBXBuildFile; fileRef = 2E3DC3F61ECFF04C00FCBD67 /* PlayerView.swift */; };
		2E3DC4001ECFF04C00FCBD67 /* PlayerViewController.xib in Resources */ = {isa = PBXBuildFile; fileRef = 2E3DC3F81ECFF04C00FCBD67 /* PlayerViewController.xib */; };
		2E3DC4011ECFF04C00FCBD67 /* PlayerViewController.swift in Sources */ = {isa = PBXBuildFile; fileRef = 2E3DC3F91ECFF04C00FCBD67 /* PlayerViewController.swift */; };
		2E3EC4991EEEA8D7009472FB /* iTunesAlbumCell.swift in Sources */ = {isa = PBXBuildFile; fileRef = 2E3EC4971EEEA8D7009472FB /* iTunesAlbumCell.swift */; };
		2E3EC49D1EEEA8E9009472FB /* iTunesArtistCell.swift in Sources */ = {isa = PBXBuildFile; fileRef = 2E3EC49B1EEEA8E9009472FB /* iTunesArtistCell.swift */; };
		2E3EC4A01EEEAB10009472FB /* iTunesAlbumListViewController.swift in Sources */ = {isa = PBXBuildFile; fileRef = 2E3EC49F1EEEAB10009472FB /* iTunesAlbumListViewController.swift */; };
		2E3EC4A21EEEAB1F009472FB /* iTunesArtistListViewController.swift in Sources */ = {isa = PBXBuildFile; fileRef = 2E3EC4A11EEEAB1F009472FB /* iTunesArtistListViewController.swift */; };
		2E3EC4A41EEEACBF009472FB /* iTunesNavigationController.swift in Sources */ = {isa = PBXBuildFile; fileRef = 2E3EC4A31EEEACBF009472FB /* iTunesNavigationController.swift */; };
		2E656EE51F36EE5E000F9D3E /* MoreSectionHeaderView.swift in Sources */ = {isa = PBXBuildFile; fileRef = 2E656EE41F36EE5E000F9D3E /* MoreSectionHeaderView.swift */; };
		2E7101561EC8573100A80C25 /* File.swift in Sources */ = {isa = PBXBuildFile; fileRef = 2E7101551EC8573100A80C25 /* File.swift */; };
		2E784F6C1F2DC0E400FAC759 /* WaveformPlaceholderView.swift in Sources */ = {isa = PBXBuildFile; fileRef = 2E784F6B1F2DC0E400FAC759 /* WaveformPlaceholderView.swift */; };
		2E7AC2221E47195700BA03B7 /* LaunchScreen.storyboard in Resources */ = {isa = PBXBuildFile; fileRef = 2E7AC2201E47195700BA03B7 /* LaunchScreen.storyboard */; };
		2E7D70051ED031BD0078BD1B /* iTunesSongCell.swift in Sources */ = {isa = PBXBuildFile; fileRef = 2E7D70021ED031BD0078BD1B /* iTunesSongCell.swift */; };
		2E7D70071ED031BD0078BD1B /* iTunesSongListViewController.swift in Sources */ = {isa = PBXBuildFile; fileRef = 2E7D70041ED031BD0078BD1B /* iTunesSongListViewController.swift */; };
		2E83A5031EA327000073C258 /* Double+Extension.swift in Sources */ = {isa = PBXBuildFile; fileRef = 2E83A5021EA327000073C258 /* Double+Extension.swift */; };
		2E8EEC271EE4027F00593FA3 /* WaveformView.swift in Sources */ = {isa = PBXBuildFile; fileRef = 2E8EEC261EE4027F00593FA3 /* WaveformView.swift */; };
		2EA4E68D1EDA764200016638 /* PlayerItem.swift in Sources */ = {isa = PBXBuildFile; fileRef = 2EA4E68C1EDA764200016638 /* PlayerItem.swift */; };
		2EA4E68F1EDA775400016638 /* URL+Extension.swift in Sources */ = {isa = PBXBuildFile; fileRef = 2EA4E68E1EDA775400016638 /* URL+Extension.swift */; };
		2EC3C0221EC86FA200812AA9 /* FileCell.swift in Sources */ = {isa = PBXBuildFile; fileRef = 2EC3C01C1EC86FA200812AA9 /* FileCell.swift */; };
		2EC3C0241EC86FA200812AA9 /* FileListViewController.swift in Sources */ = {isa = PBXBuildFile; fileRef = 2EC3C01E1EC86FA200812AA9 /* FileListViewController.swift */; };
		2EC3C0261EC86FA200812AA9 /* FileDestinationFileListViewController.swift in Sources */ = {isa = PBXBuildFile; fileRef = 2EC3C0201EC86FA200812AA9 /* FileDestinationFileListViewController.swift */; };
		2EC936161F2460FE008761EB /* iTunesPlaylistViewController.swift in Sources */ = {isa = PBXBuildFile; fileRef = 2EC936151F2460FE008761EB /* iTunesPlaylistViewController.swift */; };
		2EC936181F2466B2008761EB /* iTunesPlaylistItemCell.swift in Sources */ = {isa = PBXBuildFile; fileRef = 2EC936171F2466B2008761EB /* iTunesPlaylistItemCell.swift */; };
		2EC9361A1F24E53C008761EB /* iTunesPlaylistDetailViewController.swift in Sources */ = {isa = PBXBuildFile; fileRef = 2EC936191F24E53C008761EB /* iTunesPlaylistDetailViewController.swift */; };
		2EC9361C1F24E741008761EB /* iTunesViewController.swift in Sources */ = {isa = PBXBuildFile; fileRef = 2EC9361B1F24E741008761EB /* iTunesViewController.swift */; };
		2EC9361E1F24E927008761EB /* iTunesMenuCell.swift in Sources */ = {isa = PBXBuildFile; fileRef = 2EC9361D1F24E927008761EB /* iTunesMenuCell.swift */; };
		2ECAA9C51EA6397D0034DEEC /* UIColor+Extension.swift in Sources */ = {isa = PBXBuildFile; fileRef = 2ECAA9C41EA6397D0034DEEC /* UIColor+Extension.swift */; };
		2ECBA2421E7E73B900F43AF7 /* BookmarkObject.swift in Sources */ = {isa = PBXBuildFile; fileRef = 2ECBA2411E7E73B900F43AF7 /* BookmarkObject.swift */; };
		2ECBA2441E84191100F43AF7 /* AVPlayer+Extension.swift in Sources */ = {isa = PBXBuildFile; fileRef = 2ECBA2431E84191100F43AF7 /* AVPlayer+Extension.swift */; };
		2EEEF61E1E598AD600D2C279 /* AppDelegate.swift in Sources */ = {isa = PBXBuildFile; fileRef = 2EEEF60F1E598AD600D2C279 /* AppDelegate.swift */; };
		2EEEF61F1E598AD600D2C279 /* NSObject+Extension.swift in Sources */ = {isa = PBXBuildFile; fileRef = 2EEEF6121E598AD600D2C279 /* NSObject+Extension.swift */; };
		2EEEF6201E598AD600D2C279 /* UICollectionView+Extension.swift in Sources */ = {isa = PBXBuildFile; fileRef = 2EEEF6131E598AD600D2C279 /* UICollectionView+Extension.swift */; };
		2EEEF6291E598AD600D2C279 /* RootViewController.swift in Sources */ = {isa = PBXBuildFile; fileRef = 2EEEF61C1E598AD600D2C279 /* RootViewController.swift */; };
		2EF214021EE6EE66007BEAEF /* AudioVolumeView.swift in Sources */ = {isa = PBXBuildFile; fileRef = 2EF214011EE6EE66007BEAEF /* AudioVolumeView.swift */; };
		2EF78C761F234396009778D4 /* MoreViewController.swift in Sources */ = {isa = PBXBuildFile; fileRef = 2EF78C751F234396009778D4 /* MoreViewController.swift */; };
		2EF78C781F2343A6009778D4 /* MoreLogoCell.swift in Sources */ = {isa = PBXBuildFile; fileRef = 2EF78C771F2343A6009778D4 /* MoreLogoCell.swift */; };
		2EF78C7A1F2343B2009778D4 /* MoreItemCell.swift in Sources */ = {isa = PBXBuildFile; fileRef = 2EF78C791F2343B2009778D4 /* MoreItemCell.swift */; };
		2EFFA3191EC88BF800962FF1 /* Player.swift in Sources */ = {isa = PBXBuildFile; fileRef = 2EFFA3181EC88BF800962FF1 /* Player.swift */; };
		52149DC31F1A0943003B0A16 /* GoogleService-Info.plist in Resources */ = {isa = PBXBuildFile; fileRef = 52149DC21F1A0943003B0A16 /* GoogleService-Info.plist */; };
		52149DCE1F1A0B0A003B0A16 /* Assets.xcassets in Resources */ = {isa = PBXBuildFile; fileRef = 52149DCA1F1A0A98003B0A16 /* Assets.xcassets */; };
		52149DCF1F1A0B0A003B0A16 /* Images.xcassets in Resources */ = {isa = PBXBuildFile; fileRef = 52149DCB1F1A0A98003B0A16 /* Images.xcassets */; };
		52149DD11F1A0DEB003B0A16 /* FileListNavigationController.swift in Sources */ = {isa = PBXBuildFile; fileRef = 52149DD01F1A0DEB003B0A16 /* FileListNavigationController.swift */; };
		55D0A8C077940D543DE4CA98 /* Pods_SectionRepeater.framework in Frameworks */ = {isa = PBXBuildFile; fileRef = 82B5A6D43CFD231275898EC5 /* Pods_SectionRepeater.framework */; };
/* End PBXBuildFile section */

/* Begin PBXCopyFilesBuildPhase section */
		2EF8A7991E48A012006D5D9F /* Embed App Extensions */ = {
			isa = PBXCopyFilesBuildPhase;
			buildActionMask = 2147483647;
			dstPath = "";
			dstSubfolderSpec = 13;
			files = (
			);
			name = "Embed App Extensions";
			runOnlyForDeploymentPostprocessing = 0;
		};
/* End PBXCopyFilesBuildPhase section */

/* Begin PBXFileReference section */
		1AD631199E9D44D763A2EDC1 /* Pods-SectionRepeater.debug.xcconfig */ = {isa = PBXFileReference; includeInIndex = 1; lastKnownFileType = text.xcconfig; name = "Pods-SectionRepeater.debug.xcconfig"; path = "Pods/Target Support Files/Pods-SectionRepeater/Pods-SectionRepeater.debug.xcconfig"; sourceTree = "<group>"; };
		2E01A8081EE5624500B50F47 /* FileDestinationViewController.swift */ = {isa = PBXFileReference; fileEncoding = 4; lastKnownFileType = sourcecode.swift; path = FileDestinationViewController.swift; sourceTree = "<group>"; };
		2E01A80A1EE64FF100B50F47 /* FileManager+Extension.swift */ = {isa = PBXFileReference; fileEncoding = 4; lastKnownFileType = sourcecode.swift; path = "FileManager+Extension.swift"; sourceTree = "<group>"; };
		2E0E5E371EEFFA88006C9E7B /* iTunesAlbumDetailViewController.swift */ = {isa = PBXFileReference; fileEncoding = 4; lastKnownFileType = sourcecode.swift; path = iTunesAlbumDetailViewController.swift; sourceTree = "<group>"; };
		2E0E5E391EF00C48006C9E7B /* iTunesAlbumDetailSongCell.swift */ = {isa = PBXFileReference; fileEncoding = 4; lastKnownFileType = sourcecode.swift; path = iTunesAlbumDetailSongCell.swift; sourceTree = "<group>"; };
		2E0E5E3D1EF0109C006C9E7B /* iTunesAlbumDetailHeaderView.swift */ = {isa = PBXFileReference; fileEncoding = 4; lastKnownFileType = sourcecode.swift; path = iTunesAlbumDetailHeaderView.swift; sourceTree = "<group>"; };
		2E16CBC61F17961B00A80C60 /* FileListEditViewController.swift */ = {isa = PBXFileReference; fileEncoding = 4; lastKnownFileType = sourcecode.swift; path = FileListEditViewController.swift; sourceTree = "<group>"; };
		2E1A3B7E1E8F932300F785D0 /* UIScreen+Extension.swift */ = {isa = PBXFileReference; fileEncoding = 4; lastKnownFileType = sourcecode.swift; path = "UIScreen+Extension.swift"; sourceTree = "<group>"; };
		2E1A3EAD1F14EEC3005B3E6E /* FileEditOptionView.swift */ = {isa = PBXFileReference; fileEncoding = 4; lastKnownFileType = sourcecode.swift; path = FileEditOptionView.swift; sourceTree = "<group>"; };
		2E1A3EB11F14F2BF005B3E6E /* UIConstants.swift */ = {isa = PBXFileReference; fileEncoding = 4; lastKnownFileType = sourcecode.swift; path = UIConstants.swift; sourceTree = "<group>"; };
		2E243DB71E62896300601200 /* CoreAudioKit.framework */ = {isa = PBXFileReference; lastKnownFileType = wrapper.framework; name = CoreAudioKit.framework; path = System/Library/Frameworks/CoreAudioKit.framework; sourceTree = SDKROOT; };
		2E2E33F01E8770C500AF26DE /* DoubleObject.swift */ = {isa = PBXFileReference; fileEncoding = 4; lastKnownFileType = sourcecode.swift; path = DoubleObject.swift; sourceTree = "<group>"; };
		2E3DC3F21ECFF04C00FCBD67 /* BookmarkCollectionViewCell.swift */ = {isa = PBXFileReference; fileEncoding = 4; lastKnownFileType = sourcecode.swift; path = BookmarkCollectionViewCell.swift; sourceTree = "<group>"; };
		2E3DC3F41ECFF04C00FCBD67 /* BookmarkListViewController.swift */ = {isa = PBXFileReference; fileEncoding = 4; lastKnownFileType = sourcecode.swift; path = BookmarkListViewController.swift; sourceTree = "<group>"; };
		2E3DC3F51ECFF04C00FCBD67 /* BookmarkListViewController.xib */ = {isa = PBXFileReference; fileEncoding = 4; lastKnownFileType = file.xib; path = BookmarkListViewController.xib; sourceTree = "<group>"; };
		2E3DC3F61ECFF04C00FCBD67 /* PlayerView.swift */ = {isa = PBXFileReference; fileEncoding = 4; lastKnownFileType = sourcecode.swift; path = PlayerView.swift; sourceTree = "<group>"; };
		2E3DC3F81ECFF04C00FCBD67 /* PlayerViewController.xib */ = {isa = PBXFileReference; fileEncoding = 4; lastKnownFileType = file.xib; path = PlayerViewController.xib; sourceTree = "<group>"; };
		2E3DC3F91ECFF04C00FCBD67 /* PlayerViewController.swift */ = {isa = PBXFileReference; fileEncoding = 4; lastKnownFileType = sourcecode.swift; path = PlayerViewController.swift; sourceTree = "<group>"; };
		2E3EC4971EEEA8D7009472FB /* iTunesAlbumCell.swift */ = {isa = PBXFileReference; fileEncoding = 4; lastKnownFileType = sourcecode.swift; path = iTunesAlbumCell.swift; sourceTree = "<group>"; };
		2E3EC49B1EEEA8E9009472FB /* iTunesArtistCell.swift */ = {isa = PBXFileReference; fileEncoding = 4; lastKnownFileType = sourcecode.swift; path = iTunesArtistCell.swift; sourceTree = "<group>"; };
		2E3EC49F1EEEAB10009472FB /* iTunesAlbumListViewController.swift */ = {isa = PBXFileReference; fileEncoding = 4; lastKnownFileType = sourcecode.swift; path = iTunesAlbumListViewController.swift; sourceTree = "<group>"; };
		2E3EC4A11EEEAB1F009472FB /* iTunesArtistListViewController.swift */ = {isa = PBXFileReference; fileEncoding = 4; lastKnownFileType = sourcecode.swift; path = iTunesArtistListViewController.swift; sourceTree = "<group>"; };
		2E3EC4A31EEEACBF009472FB /* iTunesNavigationController.swift */ = {isa = PBXFileReference; fileEncoding = 4; lastKnownFileType = sourcecode.swift; path = iTunesNavigationController.swift; sourceTree = "<group>"; };
		2E656EE41F36EE5E000F9D3E /* MoreSectionHeaderView.swift */ = {isa = PBXFileReference; fileEncoding = 4; lastKnownFileType = sourcecode.swift; path = MoreSectionHeaderView.swift; sourceTree = "<group>"; };
		2E7101551EC8573100A80C25 /* File.swift */ = {isa = PBXFileReference; fileEncoding = 4; lastKnownFileType = sourcecode.swift; path = File.swift; sourceTree = "<group>"; };
		2E784F6B1F2DC0E400FAC759 /* WaveformPlaceholderView.swift */ = {isa = PBXFileReference; fileEncoding = 4; lastKnownFileType = sourcecode.swift; path = WaveformPlaceholderView.swift; sourceTree = "<group>"; };
		2E7AC2141E47195700BA03B7 /* SectionRepeater.app */ = {isa = PBXFileReference; explicitFileType = wrapper.application; includeInIndex = 0; path = SectionRepeater.app; sourceTree = BUILT_PRODUCTS_DIR; };
		2E7AC2211E47195700BA03B7 /* Base */ = {isa = PBXFileReference; lastKnownFileType = file.storyboard; name = Base; path = Base.lproj/LaunchScreen.storyboard; sourceTree = "<group>"; };
		2E7AC2231E47195700BA03B7 /* Info.plist */ = {isa = PBXFileReference; lastKnownFileType = text.plist.xml; path = Info.plist; sourceTree = "<group>"; };
		2E7D70021ED031BD0078BD1B /* iTunesSongCell.swift */ = {isa = PBXFileReference; fileEncoding = 4; lastKnownFileType = sourcecode.swift; path = iTunesSongCell.swift; sourceTree = "<group>"; };
		2E7D70041ED031BD0078BD1B /* iTunesSongListViewController.swift */ = {isa = PBXFileReference; fileEncoding = 4; lastKnownFileType = sourcecode.swift; path = iTunesSongListViewController.swift; sourceTree = "<group>"; };
		2E83A5021EA327000073C258 /* Double+Extension.swift */ = {isa = PBXFileReference; fileEncoding = 4; lastKnownFileType = sourcecode.swift; path = "Double+Extension.swift"; sourceTree = "<group>"; };
		2E8EEC261EE4027F00593FA3 /* WaveformView.swift */ = {isa = PBXFileReference; fileEncoding = 4; lastKnownFileType = sourcecode.swift; path = WaveformView.swift; sourceTree = "<group>"; };
		2EA4E68C1EDA764200016638 /* PlayerItem.swift */ = {isa = PBXFileReference; fileEncoding = 4; lastKnownFileType = sourcecode.swift; path = PlayerItem.swift; sourceTree = "<group>"; };
		2EA4E68E1EDA775400016638 /* URL+Extension.swift */ = {isa = PBXFileReference; fileEncoding = 4; lastKnownFileType = sourcecode.swift; path = "URL+Extension.swift"; sourceTree = "<group>"; };
		2EC3C01C1EC86FA200812AA9 /* FileCell.swift */ = {isa = PBXFileReference; fileEncoding = 4; lastKnownFileType = sourcecode.swift; path = FileCell.swift; sourceTree = "<group>"; };
		2EC3C01E1EC86FA200812AA9 /* FileListViewController.swift */ = {isa = PBXFileReference; fileEncoding = 4; lastKnownFileType = sourcecode.swift; path = FileListViewController.swift; sourceTree = "<group>"; };
		2EC3C0201EC86FA200812AA9 /* FileDestinationFileListViewController.swift */ = {isa = PBXFileReference; fileEncoding = 4; lastKnownFileType = sourcecode.swift; path = FileDestinationFileListViewController.swift; sourceTree = "<group>"; };
		2EC936151F2460FE008761EB /* iTunesPlaylistViewController.swift */ = {isa = PBXFileReference; fileEncoding = 4; lastKnownFileType = sourcecode.swift; path = iTunesPlaylistViewController.swift; sourceTree = "<group>"; };
		2EC936171F2466B2008761EB /* iTunesPlaylistItemCell.swift */ = {isa = PBXFileReference; fileEncoding = 4; lastKnownFileType = sourcecode.swift; path = iTunesPlaylistItemCell.swift; sourceTree = "<group>"; };
		2EC936191F24E53C008761EB /* iTunesPlaylistDetailViewController.swift */ = {isa = PBXFileReference; fileEncoding = 4; lastKnownFileType = sourcecode.swift; path = iTunesPlaylistDetailViewController.swift; sourceTree = "<group>"; };
		2EC9361B1F24E741008761EB /* iTunesViewController.swift */ = {isa = PBXFileReference; fileEncoding = 4; lastKnownFileType = sourcecode.swift; path = iTunesViewController.swift; sourceTree = "<group>"; };
		2EC9361D1F24E927008761EB /* iTunesMenuCell.swift */ = {isa = PBXFileReference; fileEncoding = 4; lastKnownFileType = sourcecode.swift; path = iTunesMenuCell.swift; sourceTree = "<group>"; };
		2ECAA9C41EA6397D0034DEEC /* UIColor+Extension.swift */ = {isa = PBXFileReference; fileEncoding = 4; lastKnownFileType = sourcecode.swift; path = "UIColor+Extension.swift"; sourceTree = "<group>"; };
		2ECBA2411E7E73B900F43AF7 /* BookmarkObject.swift */ = {isa = PBXFileReference; fileEncoding = 4; lastKnownFileType = sourcecode.swift; path = BookmarkObject.swift; sourceTree = "<group>"; };
		2ECBA2431E84191100F43AF7 /* AVPlayer+Extension.swift */ = {isa = PBXFileReference; fileEncoding = 4; lastKnownFileType = sourcecode.swift; path = "AVPlayer+Extension.swift"; sourceTree = "<group>"; };
		2EEEF60F1E598AD600D2C279 /* AppDelegate.swift */ = {isa = PBXFileReference; fileEncoding = 4; lastKnownFileType = sourcecode.swift; path = AppDelegate.swift; sourceTree = "<group>"; };
		2EEEF6121E598AD600D2C279 /* NSObject+Extension.swift */ = {isa = PBXFileReference; fileEncoding = 4; lastKnownFileType = sourcecode.swift; path = "NSObject+Extension.swift"; sourceTree = "<group>"; };
		2EEEF6131E598AD600D2C279 /* UICollectionView+Extension.swift */ = {isa = PBXFileReference; fileEncoding = 4; lastKnownFileType = sourcecode.swift; path = "UICollectionView+Extension.swift"; sourceTree = "<group>"; };
		2EEEF61C1E598AD600D2C279 /* RootViewController.swift */ = {isa = PBXFileReference; fileEncoding = 4; lastKnownFileType = sourcecode.swift; path = RootViewController.swift; sourceTree = "<group>"; };
		2EF214011EE6EE66007BEAEF /* AudioVolumeView.swift */ = {isa = PBXFileReference; fileEncoding = 4; lastKnownFileType = sourcecode.swift; name = AudioVolumeView.swift; path = SectionRepeater/Sources/AudioVolumeView.swift; sourceTree = SOURCE_ROOT; };
		2EF78C751F234396009778D4 /* MoreViewController.swift */ = {isa = PBXFileReference; fileEncoding = 4; lastKnownFileType = sourcecode.swift; path = MoreViewController.swift; sourceTree = "<group>"; };
		2EF78C771F2343A6009778D4 /* MoreLogoCell.swift */ = {isa = PBXFileReference; fileEncoding = 4; lastKnownFileType = sourcecode.swift; path = MoreLogoCell.swift; sourceTree = "<group>"; };
		2EF78C791F2343B2009778D4 /* MoreItemCell.swift */ = {isa = PBXFileReference; fileEncoding = 4; lastKnownFileType = sourcecode.swift; path = MoreItemCell.swift; sourceTree = "<group>"; };
		2EF8A79A1E48C087006D5D9F /* Pods_SectionRepeater.framework */ = {isa = PBXFileReference; lastKnownFileType = wrapper.framework; name = Pods_SectionRepeater.framework; path = "../../../Library/Developer/Xcode/DerivedData/SectionRepeater-egcbmdahmnqdkncjlfgsxctevtlh/Build/Products/Debug-iphonesimulator/Pods_SectionRepeater.framework"; sourceTree = "<group>"; };
		2EF8A79D1E48C148006D5D9F /* Alamofire.framework */ = {isa = PBXFileReference; lastKnownFileType = wrapper.framework; name = Alamofire.framework; path = "../../../Library/Developer/Xcode/DerivedData/SectionRepeater-egcbmdahmnqdkncjlfgsxctevtlh/Build/Products/Debug-iphonesimulator/Alamofire/Alamofire.framework"; sourceTree = "<group>"; };
		2EF96E4D1E5B4536009BD004 /* SectionRepeater.entitlements */ = {isa = PBXFileReference; lastKnownFileType = text.plist.entitlements; path = SectionRepeater.entitlements; sourceTree = "<group>"; };
		2EFFA3181EC88BF800962FF1 /* Player.swift */ = {isa = PBXFileReference; fileEncoding = 4; lastKnownFileType = sourcecode.swift; path = Player.swift; sourceTree = "<group>"; };
		52149DC21F1A0943003B0A16 /* GoogleService-Info.plist */ = {isa = PBXFileReference; fileEncoding = 4; lastKnownFileType = text.plist.xml; name = "GoogleService-Info.plist"; path = "SectionRepeater/GoogleService-Info.plist"; sourceTree = SOURCE_ROOT; };
		52149DCA1F1A0A98003B0A16 /* Assets.xcassets */ = {isa = PBXFileReference; lastKnownFileType = folder.assetcatalog; path = Assets.xcassets; sourceTree = "<group>"; };
		52149DCB1F1A0A98003B0A16 /* Images.xcassets */ = {isa = PBXFileReference; lastKnownFileType = folder.assetcatalog; path = Images.xcassets; sourceTree = "<group>"; };
		52149DD01F1A0DEB003B0A16 /* FileListNavigationController.swift */ = {isa = PBXFileReference; fileEncoding = 4; lastKnownFileType = sourcecode.swift; path = FileListNavigationController.swift; sourceTree = "<group>"; };
		62ECE8A368EA05EB5A269791 /* Pods-SectionRepeaterShareExtension.release.xcconfig */ = {isa = PBXFileReference; includeInIndex = 1; lastKnownFileType = text.xcconfig; name = "Pods-SectionRepeaterShareExtension.release.xcconfig"; path = "Pods/Target Support Files/Pods-SectionRepeaterShareExtension/Pods-SectionRepeaterShareExtension.release.xcconfig"; sourceTree = "<group>"; };
		7D066DCECA8DD050B00ED171 /* Pods-SectionRepeater.release.xcconfig */ = {isa = PBXFileReference; includeInIndex = 1; lastKnownFileType = text.xcconfig; name = "Pods-SectionRepeater.release.xcconfig"; path = "Pods/Target Support Files/Pods-SectionRepeater/Pods-SectionRepeater.release.xcconfig"; sourceTree = "<group>"; };
		7DBEEC5E5CD7496DE33B52BE /* Pods-SectionRepeaterShareExtension.debug.xcconfig */ = {isa = PBXFileReference; includeInIndex = 1; lastKnownFileType = text.xcconfig; name = "Pods-SectionRepeaterShareExtension.debug.xcconfig"; path = "Pods/Target Support Files/Pods-SectionRepeaterShareExtension/Pods-SectionRepeaterShareExtension.debug.xcconfig"; sourceTree = "<group>"; };
		82B5A6D43CFD231275898EC5 /* Pods_SectionRepeater.framework */ = {isa = PBXFileReference; explicitFileType = wrapper.framework; includeInIndex = 0; path = Pods_SectionRepeater.framework; sourceTree = BUILT_PRODUCTS_DIR; };
		C86E3D0845C7DD001B81095E /* Pods_SectionRepeaterShareExtension.framework */ = {isa = PBXFileReference; explicitFileType = wrapper.framework; includeInIndex = 0; path = Pods_SectionRepeaterShareExtension.framework; sourceTree = BUILT_PRODUCTS_DIR; };
/* End PBXFileReference section */

/* Begin PBXFrameworksBuildPhase section */
		2E7AC2111E47195700BA03B7 /* Frameworks */ = {
			isa = PBXFrameworksBuildPhase;
			buildActionMask = 2147483647;
			files = (
				55D0A8C077940D543DE4CA98 /* Pods_SectionRepeater.framework in Frameworks */,
			);
			runOnlyForDeploymentPostprocessing = 0;
		};
/* End PBXFrameworksBuildPhase section */

/* Begin PBXGroup section */
		2283F3236B376F51F1562AC6 /* Pods */ = {
			isa = PBXGroup;
			children = (
				1AD631199E9D44D763A2EDC1 /* Pods-SectionRepeater.debug.xcconfig */,
				7D066DCECA8DD050B00ED171 /* Pods-SectionRepeater.release.xcconfig */,
				7DBEEC5E5CD7496DE33B52BE /* Pods-SectionRepeaterShareExtension.debug.xcconfig */,
				62ECE8A368EA05EB5A269791 /* Pods-SectionRepeaterShareExtension.release.xcconfig */,
			);
			name = Pods;
			sourceTree = "<group>";
		};
		2E3DC3F11ECFF04C00FCBD67 /* Player */ = {
			isa = PBXGroup;
			children = (
				2E3DC3F91ECFF04C00FCBD67 /* PlayerViewController.swift */,
				2E3DC3F81ECFF04C00FCBD67 /* PlayerViewController.xib */,
				2E3DC3F21ECFF04C00FCBD67 /* BookmarkCollectionViewCell.swift */,
				2E3DC3F41ECFF04C00FCBD67 /* BookmarkListViewController.swift */,
				2E3DC3F51ECFF04C00FCBD67 /* BookmarkListViewController.xib */,
				2E3DC3F61ECFF04C00FCBD67 /* PlayerView.swift */,
			);
			path = Player;
			sourceTree = "<group>";
		};
		2E77D1591E798C4A0047F436 /* Model */ = {
			isa = PBXGroup;
			children = (
				2E7101551EC8573100A80C25 /* File.swift */,
				2ECBA2411E7E73B900F43AF7 /* BookmarkObject.swift */,
				2E2E33F01E8770C500AF26DE /* DoubleObject.swift */,
			);
			path = Model;
			sourceTree = "<group>";
		};
		2E7AC20B1E47195700BA03B7 = {
			isa = PBXGroup;
			children = (
				2E7AC2161E47195700BA03B7 /* SectionRepeater */,
				2E7AC2151E47195700BA03B7 /* Products */,
				2283F3236B376F51F1562AC6 /* Pods */,
				8C3E3ECFC45FFA005550D157 /* Frameworks */,
			);
			sourceTree = "<group>";
		};
		2E7AC2151E47195700BA03B7 /* Products */ = {
			isa = PBXGroup;
			children = (
				2E7AC2141E47195700BA03B7 /* SectionRepeater.app */,
			);
			name = Products;
			sourceTree = "<group>";
		};
		2E7AC2161E47195700BA03B7 /* SectionRepeater */ = {
			isa = PBXGroup;
			children = (
				2EF96E4D1E5B4536009BD004 /* SectionRepeater.entitlements */,
				2EEEF60E1E598AD600D2C279 /* Sources */,
				52149DC91F1A0A98003B0A16 /* Resources */,
				2E7AC2201E47195700BA03B7 /* LaunchScreen.storyboard */,
				2E7AC2231E47195700BA03B7 /* Info.plist */,
				52149DC21F1A0943003B0A16 /* GoogleService-Info.plist */,
			);
			path = SectionRepeater;
			sourceTree = "<group>";
		};
		2E7D70011ED031BD0078BD1B /* iTunes */ = {
			isa = PBXGroup;
			children = (
				2E3EC4A31EEEACBF009472FB /* iTunesNavigationController.swift */,
				2EC9361B1F24E741008761EB /* iTunesViewController.swift */,
				2EC9361D1F24E927008761EB /* iTunesMenuCell.swift */,
				2E7D70041ED031BD0078BD1B /* iTunesSongListViewController.swift */,
				2E7D70021ED031BD0078BD1B /* iTunesSongCell.swift */,
				2E3EC49F1EEEAB10009472FB /* iTunesAlbumListViewController.swift */,
				2E3EC4971EEEA8D7009472FB /* iTunesAlbumCell.swift */,
				2E0E5E371EEFFA88006C9E7B /* iTunesAlbumDetailViewController.swift */,
				2E0E5E3D1EF0109C006C9E7B /* iTunesAlbumDetailHeaderView.swift */,
				2E0E5E391EF00C48006C9E7B /* iTunesAlbumDetailSongCell.swift */,
				2E3EC4A11EEEAB1F009472FB /* iTunesArtistListViewController.swift */,
				2E3EC49B1EEEA8E9009472FB /* iTunesArtistCell.swift */,
				2EC936151F2460FE008761EB /* iTunesPlaylistViewController.swift */,
				2EC936171F2466B2008761EB /* iTunesPlaylistItemCell.swift */,
				2EC936191F24E53C008761EB /* iTunesPlaylistDetailViewController.swift */,
			);
			path = iTunes;
			sourceTree = "<group>";
		};
		2EC3C01A1EC86FA200812AA9 /* Files */ = {
			isa = PBXGroup;
			children = (
				52149DD01F1A0DEB003B0A16 /* FileListNavigationController.swift */,
				2EC3C01E1EC86FA200812AA9 /* FileListViewController.swift */,
				2E16CBC61F17961B00A80C60 /* FileListEditViewController.swift */,
				2E01A8081EE5624500B50F47 /* FileDestinationViewController.swift */,
				2EC3C0201EC86FA200812AA9 /* FileDestinationFileListViewController.swift */,
				2E1A3EAD1F14EEC3005B3E6E /* FileEditOptionView.swift */,
				2EC3C01C1EC86FA200812AA9 /* FileCell.swift */,
			);
			name = Files;
			path = SectionRepeater/Sources/Files;
			sourceTree = SOURCE_ROOT;
		};
		2EEEF60E1E598AD600D2C279 /* Sources */ = {
			isa = PBXGroup;
			children = (
				2EEEF6101E598AD600D2C279 /* Common */,
				2E77D1591E798C4A0047F436 /* Model */,
				2EC3C01A1EC86FA200812AA9 /* Files */,
				2E7D70011ED031BD0078BD1B /* iTunes */,
				2E3DC3F11ECFF04C00FCBD67 /* Player */,
				2EF78C741F23437F009778D4 /* More */,
				2EEEF60F1E598AD600D2C279 /* AppDelegate.swift */,
				2EEEF61C1E598AD600D2C279 /* RootViewController.swift */,
			);
			path = Sources;
			sourceTree = "<group>";
		};
		2EEEF6101E598AD600D2C279 /* Common */ = {
			isa = PBXGroup;
			children = (
				2EEEF6111E598AD600D2C279 /* Extension */,
				2EFFA3181EC88BF800962FF1 /* Player.swift */,
				2EA4E68C1EDA764200016638 /* PlayerItem.swift */,
				2E8EEC261EE4027F00593FA3 /* WaveformView.swift */,
				2E784F6B1F2DC0E400FAC759 /* WaveformPlaceholderView.swift */,
				2EF214011EE6EE66007BEAEF /* AudioVolumeView.swift */,
				2E1A3EB11F14F2BF005B3E6E /* UIConstants.swift */,
			);
			path = Common;
			sourceTree = "<group>";
		};
		2EEEF6111E598AD600D2C279 /* Extension */ = {
			isa = PBXGroup;
			children = (
				2EEEF6121E598AD600D2C279 /* NSObject+Extension.swift */,
				2EEEF6131E598AD600D2C279 /* UICollectionView+Extension.swift */,
				2ECBA2431E84191100F43AF7 /* AVPlayer+Extension.swift */,
				2E1A3B7E1E8F932300F785D0 /* UIScreen+Extension.swift */,
				2E83A5021EA327000073C258 /* Double+Extension.swift */,
				2ECAA9C41EA6397D0034DEEC /* UIColor+Extension.swift */,
				2EA4E68E1EDA775400016638 /* URL+Extension.swift */,
				2E01A80A1EE64FF100B50F47 /* FileManager+Extension.swift */,
			);
			path = Extension;
			sourceTree = "<group>";
		};
		2EF78C741F23437F009778D4 /* More */ = {
			isa = PBXGroup;
			children = (
				2EF78C751F234396009778D4 /* MoreViewController.swift */,
				2EF78C771F2343A6009778D4 /* MoreLogoCell.swift */,
				2EF78C791F2343B2009778D4 /* MoreItemCell.swift */,
				2E656EE41F36EE5E000F9D3E /* MoreSectionHeaderView.swift */,
			);
			path = More;
			sourceTree = "<group>";
		};
		52149DC91F1A0A98003B0A16 /* Resources */ = {
			isa = PBXGroup;
			children = (
				52149DCA1F1A0A98003B0A16 /* Assets.xcassets */,
				52149DCB1F1A0A98003B0A16 /* Images.xcassets */,
			);
			name = Resources;
			path = SectionRepeater/Resources;
			sourceTree = SOURCE_ROOT;
		};
		8C3E3ECFC45FFA005550D157 /* Frameworks */ = {
			isa = PBXGroup;
			children = (
				2E243DB71E62896300601200 /* CoreAudioKit.framework */,
				2EF8A79D1E48C148006D5D9F /* Alamofire.framework */,
				2EF8A79A1E48C087006D5D9F /* Pods_SectionRepeater.framework */,
				82B5A6D43CFD231275898EC5 /* Pods_SectionRepeater.framework */,
				C86E3D0845C7DD001B81095E /* Pods_SectionRepeaterShareExtension.framework */,
			);
			name = Frameworks;
			sourceTree = "<group>";
		};
/* End PBXGroup section */

/* Begin PBXNativeTarget section */
		2E7AC2131E47195700BA03B7 /* SectionRepeater */ = {
			isa = PBXNativeTarget;
			buildConfigurationList = 2E7AC2261E47195700BA03B7 /* Build configuration list for PBXNativeTarget "SectionRepeater" */;
			buildPhases = (
				38484ED8459A7F6671441F0A /* [CP] Check Pods Manifest.lock */,
				2E7AC2101E47195700BA03B7 /* Sources */,
				2E7AC2111E47195700BA03B7 /* Frameworks */,
				E62EED9B3D667B480F11A2F0 /* [Carte] Pre Script */,
				2E7AC2121E47195700BA03B7 /* Resources */,
				6F09AC68488332B30709BADD /* [Carte] Post Script */,
				F756F41253D9A53FBCA7C800 /* [CP] Embed Pods Frameworks */,
				A71DE045F7868D34E1F2D3DE /* [CP] Copy Pods Resources */,
				2EF8A7991E48A012006D5D9F /* Embed App Extensions */,
				52149DC41F1A095B003B0A16 /* ShellScript */,
			);
			buildRules = (
			);
			dependencies = (
			);
			name = SectionRepeater;
			productName = SectionRepeater;
			productReference = 2E7AC2141E47195700BA03B7 /* SectionRepeater.app */;
			productType = "com.apple.product-type.application";
		};
/* End PBXNativeTarget section */

/* Begin PBXProject section */
		2E7AC20C1E47195700BA03B7 /* Project object */ = {
			isa = PBXProject;
			attributes = {
				LastSwiftUpdateCheck = 0820;
				LastUpgradeCheck = 0830;
				ORGANIZATIONNAME = yongseongkim;
				TargetAttributes = {
					2E7AC2131E47195700BA03B7 = {
						CreatedOnToolsVersion = 8.2.1;
						DevelopmentTeam = 4S8J2466NG;
						LastSwiftMigration = 0820;
						ProvisioningStyle = Automatic;
						SystemCapabilities = {
							com.apple.ApplicationGroups.iOS = {
								enabled = 1;
							};
							com.apple.BackgroundModes = {
								enabled = 1;
							};
							com.apple.InterAppAudio = {
								enabled = 0;
							};
						};
					};
				};
			};
			buildConfigurationList = 2E7AC20F1E47195700BA03B7 /* Build configuration list for PBXProject "SectionRepeater" */;
			compatibilityVersion = "Xcode 3.2";
			developmentRegion = English;
			hasScannedForEncodings = 0;
			knownRegions = (
				en,
				Base,
			);
			mainGroup = 2E7AC20B1E47195700BA03B7;
			productRefGroup = 2E7AC2151E47195700BA03B7 /* Products */;
			projectDirPath = "";
			projectRoot = "";
			targets = (
				2E7AC2131E47195700BA03B7 /* SectionRepeater */,
			);
		};
/* End PBXProject section */

/* Begin PBXResourcesBuildPhase section */
		2E7AC2121E47195700BA03B7 /* Resources */ = {
			isa = PBXResourcesBuildPhase;
			buildActionMask = 2147483647;
			files = (
				52149DCE1F1A0B0A003B0A16 /* Assets.xcassets in Resources */,
				52149DCF1F1A0B0A003B0A16 /* Images.xcassets in Resources */,
				52149DC31F1A0943003B0A16 /* GoogleService-Info.plist in Resources */,
				2E7AC2221E47195700BA03B7 /* LaunchScreen.storyboard in Resources */,
				2E3DC4001ECFF04C00FCBD67 /* PlayerViewController.xib in Resources */,
				2E3DC3FD1ECFF04C00FCBD67 /* BookmarkListViewController.xib in Resources */,
			);
			runOnlyForDeploymentPostprocessing = 0;
		};
/* End PBXResourcesBuildPhase section */

/* Begin PBXShellScriptBuildPhase section */
		38484ED8459A7F6671441F0A /* [CP] Check Pods Manifest.lock */ = {
			isa = PBXShellScriptBuildPhase;
			buildActionMask = 2147483647;
			files = (
			);
			inputPaths = (
			);
			name = "[CP] Check Pods Manifest.lock";
			outputPaths = (
			);
			runOnlyForDeploymentPostprocessing = 0;
			shellPath = /bin/sh;
			shellScript = "diff \"${PODS_PODFILE_DIR_PATH}/Podfile.lock\" \"${PODS_ROOT}/Manifest.lock\" > /dev/null\nif [ $? != 0 ] ; then\n    # print error to STDERR\n    echo \"error: The sandbox is not in sync with the Podfile.lock. Run 'pod install' or update your CocoaPods installation.\" >&2\n    exit 1\nfi\n";
			showEnvVarsInLog = 0;
		};
		52149DC41F1A095B003B0A16 /* ShellScript */ = {
			isa = PBXShellScriptBuildPhase;
			buildActionMask = 2147483647;
			files = (
			);
			inputPaths = (
			);
			outputPaths = (
			);
			runOnlyForDeploymentPostprocessing = 0;
			shellPath = /bin/sh;
			shellScript = "\"${PODS_ROOT}/Fabric/run\" 84433eae8ac36af922584786c8f91eb006732e79 a4455cc6268a56f280303e51155c7a2101734e2bd517cec1198f4d25a011e23f";
		};
		6F09AC68488332B30709BADD /* [Carte] Post Script */ = {
			isa = PBXShellScriptBuildPhase;
			buildActionMask = 2147483647;
			files = (
			);
			inputPaths = (
			);
			name = "[Carte] Post Script";
			outputPaths = (
			);
			runOnlyForDeploymentPostprocessing = 0;
			shellPath = /bin/sh;
			shellScript = "ruby ${PODS_ROOT}/Carte/Sources/Carte/carte.rb post";
		};
		A71DE045F7868D34E1F2D3DE /* [CP] Copy Pods Resources */ = {
			isa = PBXShellScriptBuildPhase;
			buildActionMask = 2147483647;
			files = (
			);
			inputPaths = (
			);
			name = "[CP] Copy Pods Resources";
			outputPaths = (
			);
			runOnlyForDeploymentPostprocessing = 0;
			shellPath = /bin/sh;
			shellScript = "\"${SRCROOT}/Pods/Target Support Files/Pods-SectionRepeater/Pods-SectionRepeater-resources.sh\"\n";
			showEnvVarsInLog = 0;
		};
		E62EED9B3D667B480F11A2F0 /* [Carte] Pre Script */ = {
			isa = PBXShellScriptBuildPhase;
			buildActionMask = 2147483647;
			files = (
			);
			inputPaths = (
			);
			name = "[Carte] Pre Script";
			outputPaths = (
			);
			runOnlyForDeploymentPostprocessing = 0;
			shellPath = /bin/sh;
			shellScript = "ruby ${PODS_ROOT}/Carte/Sources/Carte/carte.rb pre";
		};
		F756F41253D9A53FBCA7C800 /* [CP] Embed Pods Frameworks */ = {
			isa = PBXShellScriptBuildPhase;
			buildActionMask = 2147483647;
			files = (
			);
			inputPaths = (
			);
			name = "[CP] Embed Pods Frameworks";
			outputPaths = (
			);
			runOnlyForDeploymentPostprocessing = 0;
			shellPath = /bin/sh;
			shellScript = "\"${SRCROOT}/Pods/Target Support Files/Pods-SectionRepeater/Pods-SectionRepeater-frameworks.sh\"\n";
			showEnvVarsInLog = 0;
		};
/* End PBXShellScriptBuildPhase section */

/* Begin PBXSourcesBuildPhase section */
		2E7AC2101E47195700BA03B7 /* Sources */ = {
			isa = PBXSourcesBuildPhase;
			buildActionMask = 2147483647;
			files = (
				2E16CBC71F17961B00A80C60 /* FileListEditViewController.swift in Sources */,
				2EEEF6201E598AD600D2C279 /* UICollectionView+Extension.swift in Sources */,
				2E0E5E3F1EF0109C006C9E7B /* iTunesAlbumDetailHeaderView.swift in Sources */,
				2E3EC49D1EEEA8E9009472FB /* iTunesArtistCell.swift in Sources */,
				2EA4E68D1EDA764200016638 /* PlayerItem.swift in Sources */,
				2EC9361E1F24E927008761EB /* iTunesMenuCell.swift in Sources */,
				2EF78C761F234396009778D4 /* MoreViewController.swift in Sources */,
				2EF214021EE6EE66007BEAEF /* AudioVolumeView.swift in Sources */,
				2E1A3EB21F14F2BF005B3E6E /* UIConstants.swift in Sources */,
				2EC936161F2460FE008761EB /* iTunesPlaylistViewController.swift in Sources */,
				2E0E5E381EEFFA88006C9E7B /* iTunesAlbumDetailViewController.swift in Sources */,
				2E3DC3FE1ECFF04C00FCBD67 /* PlayerView.swift in Sources */,
				2E3EC4A21EEEAB1F009472FB /* iTunesArtistListViewController.swift in Sources */,
				2EC936181F2466B2008761EB /* iTunesPlaylistItemCell.swift in Sources */,
				2EC3C0241EC86FA200812AA9 /* FileListViewController.swift in Sources */,
				2EC9361A1F24E53C008761EB /* iTunesPlaylistDetailViewController.swift in Sources */,
				2EF78C781F2343A6009778D4 /* MoreLogoCell.swift in Sources */,
				2EA4E68F1EDA775400016638 /* URL+Extension.swift in Sources */,
				2E3EC4A41EEEACBF009472FB /* iTunesNavigationController.swift in Sources */,
				2EFFA3191EC88BF800962FF1 /* Player.swift in Sources */,
				2E1A3EAE1F14EEC3005B3E6E /* FileEditOptionView.swift in Sources */,
				2E7D70051ED031BD0078BD1B /* iTunesSongCell.swift in Sources */,
				2ECBA2441E84191100F43AF7 /* AVPlayer+Extension.swift in Sources */,
				2E01A80B1EE64FF100B50F47 /* FileManager+Extension.swift in Sources */,
				2E2E33F11E8770C500AF26DE /* DoubleObject.swift in Sources */,
				52149DD11F1A0DEB003B0A16 /* FileListNavigationController.swift in Sources */,
				2EEEF6291E598AD600D2C279 /* RootViewController.swift in Sources */,
				2E7D70071ED031BD0078BD1B /* iTunesSongListViewController.swift in Sources */,
				2ECAA9C51EA6397D0034DEEC /* UIColor+Extension.swift in Sources */,
				2E784F6C1F2DC0E400FAC759 /* WaveformPlaceholderView.swift in Sources */,
				2ECBA2421E7E73B900F43AF7 /* BookmarkObject.swift in Sources */,
				2EC3C0261EC86FA200812AA9 /* FileDestinationFileListViewController.swift in Sources */,
				2E0E5E3B1EF00C48006C9E7B /* iTunesAlbumDetailSongCell.swift in Sources */,
				2E3EC4A01EEEAB10009472FB /* iTunesAlbumListViewController.swift in Sources */,
				2EEEF61E1E598AD600D2C279 /* AppDelegate.swift in Sources */,
				2E3DC4011ECFF04C00FCBD67 /* PlayerViewController.swift in Sources */,
				2E656EE51F36EE5E000F9D3E /* MoreSectionHeaderView.swift in Sources */,
				2E7101561EC8573100A80C25 /* File.swift in Sources */,
				2EEEF61F1E598AD600D2C279 /* NSObject+Extension.swift in Sources */,
				2EC9361C1F24E741008761EB /* iTunesViewController.swift in Sources */,
				2E83A5031EA327000073C258 /* Double+Extension.swift in Sources */,
				2E8EEC271EE4027F00593FA3 /* WaveformView.swift in Sources */,
				2E3DC3FA1ECFF04C00FCBD67 /* BookmarkCollectionViewCell.swift in Sources */,
				2E3EC4991EEEA8D7009472FB /* iTunesAlbumCell.swift in Sources */,
				2E1A3B7F1E8F932300F785D0 /* UIScreen+Extension.swift in Sources */,
				2E3DC3FC1ECFF04C00FCBD67 /* BookmarkListViewController.swift in Sources */,
				2EC3C0221EC86FA200812AA9 /* FileCell.swift in Sources */,
				2E01A8091EE5624500B50F47 /* FileDestinationViewController.swift in Sources */,
				2EF78C7A1F2343B2009778D4 /* MoreItemCell.swift in Sources */,
			);
			runOnlyForDeploymentPostprocessing = 0;
		};
/* End PBXSourcesBuildPhase section */

/* Begin PBXVariantGroup section */
		2E7AC2201E47195700BA03B7 /* LaunchScreen.storyboard */ = {
			isa = PBXVariantGroup;
			children = (
				2E7AC2211E47195700BA03B7 /* Base */,
			);
			name = LaunchScreen.storyboard;
			sourceTree = "<group>";
		};
/* End PBXVariantGroup section */

/* Begin XCBuildConfiguration section */
		2E7AC2241E47195700BA03B7 /* Debug */ = {
			isa = XCBuildConfiguration;
			buildSettings = {
				ALWAYS_SEARCH_USER_PATHS = NO;
				CLANG_ANALYZER_NONNULL = YES;
				CLANG_CXX_LANGUAGE_STANDARD = "gnu++0x";
				CLANG_CXX_LIBRARY = "libc++";
				CLANG_ENABLE_MODULES = YES;
				CLANG_ENABLE_OBJC_ARC = YES;
				CLANG_WARN_BOOL_CONVERSION = YES;
				CLANG_WARN_CONSTANT_CONVERSION = YES;
				CLANG_WARN_DIRECT_OBJC_ISA_USAGE = YES_ERROR;
				CLANG_WARN_DOCUMENTATION_COMMENTS = YES;
				CLANG_WARN_EMPTY_BODY = YES;
				CLANG_WARN_ENUM_CONVERSION = YES;
				CLANG_WARN_INFINITE_RECURSION = YES;
				CLANG_WARN_INT_CONVERSION = YES;
				CLANG_WARN_OBJC_ROOT_CLASS = YES_ERROR;
				CLANG_WARN_SUSPICIOUS_MOVE = YES;
				CLANG_WARN_UNREACHABLE_CODE = YES;
				CLANG_WARN__DUPLICATE_METHOD_MATCH = YES;
				"CODE_SIGN_IDENTITY[sdk=iphoneos*]" = "iPhone Developer";
				COPY_PHASE_STRIP = NO;
				DEBUG_INFORMATION_FORMAT = dwarf;
				ENABLE_STRICT_OBJC_MSGSEND = YES;
				ENABLE_TESTABILITY = YES;
				GCC_C_LANGUAGE_STANDARD = gnu99;
				GCC_DYNAMIC_NO_PIC = NO;
				GCC_NO_COMMON_BLOCKS = YES;
				GCC_OPTIMIZATION_LEVEL = 0;
				GCC_PREPROCESSOR_DEFINITIONS = (
					"DEBUG=1",
					"$(inherited)",
				);
				GCC_WARN_64_TO_32_BIT_CONVERSION = YES;
				GCC_WARN_ABOUT_RETURN_TYPE = YES_ERROR;
				GCC_WARN_UNDECLARED_SELECTOR = YES;
				GCC_WARN_UNINITIALIZED_AUTOS = YES_AGGRESSIVE;
				GCC_WARN_UNUSED_FUNCTION = YES;
				GCC_WARN_UNUSED_VARIABLE = YES;
				IPHONEOS_DEPLOYMENT_TARGET = 10.0;
				MTL_ENABLE_DEBUG_INFO = YES;
				ONLY_ACTIVE_ARCH = YES;
				SDKROOT = iphoneos;
				SWIFT_ACTIVE_COMPILATION_CONDITIONS = DEBUG;
				SWIFT_OPTIMIZATION_LEVEL = "-Onone";
				SWIFT_VERSION = 3.0;
				TARGETED_DEVICE_FAMILY = "1,2";
			};
			name = Debug;
		};
		2E7AC2251E47195700BA03B7 /* Release */ = {
			isa = XCBuildConfiguration;
			buildSettings = {
				ALWAYS_SEARCH_USER_PATHS = NO;
				CLANG_ANALYZER_NONNULL = YES;
				CLANG_CXX_LANGUAGE_STANDARD = "gnu++0x";
				CLANG_CXX_LIBRARY = "libc++";
				CLANG_ENABLE_MODULES = YES;
				CLANG_ENABLE_OBJC_ARC = YES;
				CLANG_WARN_BOOL_CONVERSION = YES;
				CLANG_WARN_CONSTANT_CONVERSION = YES;
				CLANG_WARN_DIRECT_OBJC_ISA_USAGE = YES_ERROR;
				CLANG_WARN_DOCUMENTATION_COMMENTS = YES;
				CLANG_WARN_EMPTY_BODY = YES;
				CLANG_WARN_ENUM_CONVERSION = YES;
				CLANG_WARN_INFINITE_RECURSION = YES;
				CLANG_WARN_INT_CONVERSION = YES;
				CLANG_WARN_OBJC_ROOT_CLASS = YES_ERROR;
				CLANG_WARN_SUSPICIOUS_MOVE = YES;
				CLANG_WARN_UNREACHABLE_CODE = YES;
				CLANG_WARN__DUPLICATE_METHOD_MATCH = YES;
				"CODE_SIGN_IDENTITY[sdk=iphoneos*]" = "iPhone Developer";
				COPY_PHASE_STRIP = NO;
				DEBUG_INFORMATION_FORMAT = "dwarf-with-dsym";
				ENABLE_NS_ASSERTIONS = NO;
				ENABLE_STRICT_OBJC_MSGSEND = YES;
				GCC_C_LANGUAGE_STANDARD = gnu99;
				GCC_NO_COMMON_BLOCKS = YES;
				GCC_WARN_64_TO_32_BIT_CONVERSION = YES;
				GCC_WARN_ABOUT_RETURN_TYPE = YES_ERROR;
				GCC_WARN_UNDECLARED_SELECTOR = YES;
				GCC_WARN_UNINITIALIZED_AUTOS = YES_AGGRESSIVE;
				GCC_WARN_UNUSED_FUNCTION = YES;
				GCC_WARN_UNUSED_VARIABLE = YES;
				IPHONEOS_DEPLOYMENT_TARGET = 10.0;
				MTL_ENABLE_DEBUG_INFO = NO;
				SDKROOT = iphoneos;
				SWIFT_OPTIMIZATION_LEVEL = "-Owholemodule";
				SWIFT_VERSION = 3.0;
				TARGETED_DEVICE_FAMILY = "1,2";
				VALIDATE_PRODUCT = YES;
			};
			name = Release;
		};
		2E7AC2271E47195700BA03B7 /* Debug */ = {
			isa = XCBuildConfiguration;
			baseConfigurationReference = 1AD631199E9D44D763A2EDC1 /* Pods-SectionRepeater.debug.xcconfig */;
			buildSettings = {
				ALWAYS_EMBED_SWIFT_STANDARD_LIBRARIES = "$(inherited)";
				ASSETCATALOG_COMPILER_APPICON_NAME = AppIcon;
				CLANG_ENABLE_MODULES = YES;
				CODE_SIGN_ENTITLEMENTS = SectionRepeater/SectionRepeater.entitlements;
				DEVELOPMENT_TEAM = 4S8J2466NG;
				INFOPLIST_FILE = SectionRepeater/Info.plist;
				IPHONEOS_DEPLOYMENT_TARGET = 10.0;
				LD_RUNPATH_SEARCH_PATHS = "$(inherited) @executable_path/Frameworks";
				PRODUCT_BUNDLE_IDENTIFIER = kr.co.yongseongkim.SectionRepeater;
				PRODUCT_NAME = "$(TARGET_NAME)";
				SWIFT_OBJC_BRIDGING_HEADER = "";
				SWIFT_OPTIMIZATION_LEVEL = "-Onone";
				SWIFT_VERSION = 3.0;
			};
			name = Debug;
		};
		2E7AC2281E47195700BA03B7 /* Release */ = {
			isa = XCBuildConfiguration;
			baseConfigurationReference = 7D066DCECA8DD050B00ED171 /* Pods-SectionRepeater.release.xcconfig */;
			buildSettings = {
				ALWAYS_EMBED_SWIFT_STANDARD_LIBRARIES = "$(inherited)";
				ASSETCATALOG_COMPILER_APPICON_NAME = AppIcon;
				CLANG_ENABLE_MODULES = YES;
				CODE_SIGN_ENTITLEMENTS = SectionRepeater/SectionRepeater.entitlements;
				DEVELOPMENT_TEAM = 4S8J2466NG;
				INFOPLIST_FILE = SectionRepeater/Info.plist;
				IPHONEOS_DEPLOYMENT_TARGET = 10.0;
				LD_RUNPATH_SEARCH_PATHS = "$(inherited) @executable_path/Frameworks";
				PRODUCT_BUNDLE_IDENTIFIER = kr.co.yongseongkim.SectionRepeater;
				PRODUCT_NAME = "$(TARGET_NAME)";
				SWIFT_OBJC_BRIDGING_HEADER = "";
				SWIFT_VERSION = 3.0;
			};
			name = Release;
		};
/* End XCBuildConfiguration section */

/* Begin XCConfigurationList section */
		2E7AC20F1E47195700BA03B7 /* Build configuration list for PBXProject "SectionRepeater" */ = {
			isa = XCConfigurationList;
			buildConfigurations = (
				2E7AC2241E47195700BA03B7 /* Debug */,
				2E7AC2251E47195700BA03B7 /* Release */,
			);
			defaultConfigurationIsVisible = 0;
			defaultConfigurationName = Release;
		};
		2E7AC2261E47195700BA03B7 /* Build configuration list for PBXNativeTarget "SectionRepeater" */ = {
			isa = XCConfigurationList;
			buildConfigurations = (
				2E7AC2271E47195700BA03B7 /* Debug */,
				2E7AC2281E47195700BA03B7 /* Release */,
			);
			defaultConfigurationIsVisible = 0;
			defaultConfigurationName = Release;
		};
/* End XCConfigurationList section */
	};
	rootObject = 2E7AC20C1E47195700BA03B7 /* Project object */;
}
